
Microsoft Visual Studio Solution File, Format Version 12.00
# Visual Studio Version 16
VisualStudioVersion = 16.0.31702.278
MinimumVisualStudioVersion = 10.0.40219.1
Project("{FAE04EC0-301F-11D3-BF4B-00C04F79EFBC}") = "CRUD01", "CRUD01\CRUD01.csproj", "{54D56B09-7290-4A1E-850C-E8C73E3751F5}"
EndProject
Global
	GlobalSection(SolutionConfigurationPlatforms) = preSolution
		Debug|Any CPU = Debug|Any CPU
		Release|Any CPU = Release|Any CPU
	EndGlobalSection
	GlobalSection(ProjectConfigurationPlatforms) = postSolution
		{54D56B09-7290-4A1E-850C-E8C73E3751F5}.Debug|Any CPU.ActiveCfg = Debug|Any CPU
		{54D56B09-7290-4A1E-850C-E8C73E3751F5}.Debug|Any CPU.Build.0 = Debug|Any CPU
		{54D56B09-7290-4A1E-850C-E8C73E3751F5}.Release|Any CPU.ActiveCfg = Release|Any CPU
		{54D56B09-7290-4A1E-850C-E8C73E3751F5}.Release|Any CPU.Build.0 = Release|Any CPU
	EndGlobalSection
	GlobalSection(SolutionProperties) = preSolution
		HideSolutionNode = FALSE
	EndGlobalSection
	GlobalSection(ExtensibilityGlobals) = postSolution
		SolutionGuid = {AF05BCDF-18FA-49F8-9FC1-248CE145CD01}
	EndGlobalSection
EndGlobal
